
Microsoft Visual Studio Solution File, Format Version 12.00
# Visual Studio Version 17
VisualStudioVersion = 17.0.31903.59
MinimumVisualStudioVersion = 10.0.40219.1
Project("{2150E333-8FDC-42A3-9474-1A3956D46DE8}") = "src", "src", "{02BBFB81-F60F-4BF9-A089-535F066A4F6A}"
EndProject
Project("{2150E333-8FDC-42A3-9474-1A3956D46DE8}") = "Presentation", "Presentation", "{4D2892DD-FA56-4B9B-BA52-3B715ACB52F0}"
EndProject
Project("{FAE04EC0-301F-11D3-BF4B-00C04F79EFBC}") = "API", "src\Presentation\API\API.csproj", "{D1E03EBA-E757-48E8-A8AA-A735896A1B30}"
EndProject
Project("{2150E333-8FDC-42A3-9474-1A3956D46DE8}") = "Core", "Core", "{4ACD8411-6E2B-4C59-96E0-664119D943F0}"
EndProject
Project("{FAE04EC0-301F-11D3-BF4B-00C04F79EFBC}") = "Application", "src\Core\Application\Application.csproj", "{FDB85B9D-FE3E-407B-A170-6037EAF06B4B}"
EndProject
Project("{FAE04EC0-301F-11D3-BF4B-00C04F79EFBC}") = "Domain", "src\Core\Domain\Domain.csproj", "{ECA1F65E-E904-41E0-84FE-45487A2E0A33}"
EndProject
Project("{2150E333-8FDC-42A3-9474-1A3956D46DE8}") = "Infrastructure", "Infrastructure", "{25D951DC-F06A-439C-A89D-333D4B76CB88}"
EndProject
Project("{FAE04EC0-301F-11D3-BF4B-00C04F79EFBC}") = "Persistence", "src\Infrastructure\Persistence\Persistence.csproj", "{66BF03F8-D237-49F8-A294-C106DB586D60}"
EndProject
Project("{FAE04EC0-301F-11D3-BF4B-00C04F79EFBC}") = "Infrastructure", "src\Infrastructure\Infrastructure\Infrastructure.csproj", "{2B6C60B6-AF27-44BD-9882-09BF05838C9A}"
EndProject
Global
	GlobalSection(SolutionConfigurationPlatforms) = preSolution
		Debug|Any CPU = Debug|Any CPU
		Release|Any CPU = Release|Any CPU
	EndGlobalSection
	GlobalSection(SolutionProperties) = preSolution
		HideSolutionNode = FALSE
	EndGlobalSection
	GlobalSection(ProjectConfigurationPlatforms) = postSolution
		{D1E03EBA-E757-48E8-A8AA-A735896A1B30}.Debug|Any CPU.ActiveCfg = Debug|Any CPU
		{D1E03EBA-E757-48E8-A8AA-A735896A1B30}.Debug|Any CPU.Build.0 = Debug|Any CPU
		{D1E03EBA-E757-48E8-A8AA-A735896A1B30}.Release|Any CPU.ActiveCfg = Release|Any CPU
		{D1E03EBA-E757-48E8-A8AA-A735896A1B30}.Release|Any CPU.Build.0 = Release|Any CPU
		{FDB85B9D-FE3E-407B-A170-6037EAF06B4B}.Debug|Any CPU.ActiveCfg = Debug|Any CPU
		{FDB85B9D-FE3E-407B-A170-6037EAF06B4B}.Debug|Any CPU.Build.0 = Debug|Any CPU
		{FDB85B9D-FE3E-407B-A170-6037EAF06B4B}.Release|Any CPU.ActiveCfg = Release|Any CPU
		{FDB85B9D-FE3E-407B-A170-6037EAF06B4B}.Release|Any CPU.Build.0 = Release|Any CPU
		{ECA1F65E-E904-41E0-84FE-45487A2E0A33}.Debug|Any CPU.ActiveCfg = Debug|Any CPU
		{ECA1F65E-E904-41E0-84FE-45487A2E0A33}.Debug|Any CPU.Build.0 = Debug|Any CPU
		{ECA1F65E-E904-41E0-84FE-45487A2E0A33}.Release|Any CPU.ActiveCfg = Release|Any CPU
		{ECA1F65E-E904-41E0-84FE-45487A2E0A33}.Release|Any CPU.Build.0 = Release|Any CPU
		{66BF03F8-D237-49F8-A294-C106DB586D60}.Debug|Any CPU.ActiveCfg = Debug|Any CPU
		{66BF03F8-D237-49F8-A294-C106DB586D60}.Debug|Any CPU.Build.0 = Debug|Any CPU
		{66BF03F8-D237-49F8-A294-C106DB586D60}.Release|Any CPU.ActiveCfg = Release|Any CPU
		{66BF03F8-D237-49F8-A294-C106DB586D60}.Release|Any CPU.Build.0 = Release|Any CPU
		{2B6C60B6-AF27-44BD-9882-09BF05838C9A}.Debug|Any CPU.ActiveCfg = Debug|Any CPU
		{2B6C60B6-AF27-44BD-9882-09BF05838C9A}.Debug|Any CPU.Build.0 = Debug|Any CPU
		{2B6C60B6-AF27-44BD-9882-09BF05838C9A}.Release|Any CPU.ActiveCfg = Release|Any CPU
		{2B6C60B6-AF27-44BD-9882-09BF05838C9A}.Release|Any CPU.Build.0 = Release|Any CPU
	EndGlobalSection
	GlobalSection(NestedProjects) = preSolution
		{4D2892DD-FA56-4B9B-BA52-3B715ACB52F0} = {02BBFB81-F60F-4BF9-A089-535F066A4F6A}
		{D1E03EBA-E757-48E8-A8AA-A735896A1B30} = {4D2892DD-FA56-4B9B-BA52-3B715ACB52F0}
		{4ACD8411-6E2B-4C59-96E0-664119D943F0} = {02BBFB81-F60F-4BF9-A089-535F066A4F6A}
		{FDB85B9D-FE3E-407B-A170-6037EAF06B4B} = {4ACD8411-6E2B-4C59-96E0-664119D943F0}
		{ECA1F65E-E904-41E0-84FE-45487A2E0A33} = {4ACD8411-6E2B-4C59-96E0-664119D943F0}
		{25D951DC-F06A-439C-A89D-333D4B76CB88} = {02BBFB81-F60F-4BF9-A089-535F066A4F6A}
		{66BF03F8-D237-49F8-A294-C106DB586D60} = {25D951DC-F06A-439C-A89D-333D4B76CB88}
		{2B6C60B6-AF27-44BD-9882-09BF05838C9A} = {25D951DC-F06A-439C-A89D-333D4B76CB88}
	EndGlobalSection
EndGlobal
