
Microsoft Visual Studio Solution File, Format Version 12.00
# Visual Studio Version 17
VisualStudioVersion = 17.0.31903.59
MinimumVisualStudioVersion = 10.0.40219.1
Project("{2150E333-8FDC-42A3-9474-1A3956D46DE8}") = "src", "src", "{6401D516-CCC9-453C-A964-A538942D00BC}"
EndProject
Project("{2150E333-8FDC-42A3-9474-1A3956D46DE8}") = "Presentation", "Presentation", "{25F2FC83-3447-4C3D-B993-E7EC356D30AA}"
EndProject
Project("{FAE04EC0-301F-11D3-BF4B-00C04F79EFBC}") = "API", "src\Presentation\API\API.csproj", "{0E846495-022E-402B-899D-2645BCF72A77}"
EndProject
Project("{2150E333-8FDC-42A3-9474-1A3956D46DE8}") = "Core", "Core", "{49196423-6FC6-47CE-B9C7-64819534F60E}"
EndProject
Project("{FAE04EC0-301F-11D3-BF4B-00C04F79EFBC}") = "Domain", "src\Core\Domain\Domain.csproj", "{30073EFF-1E6C-4213-8F83-A5AEEE0FFAD0}"
EndProject
Project("{FAE04EC0-301F-11D3-BF4B-00C04F79EFBC}") = "Application", "src\Core\Application\Application.csproj", "{DCB42603-F10E-4414-A112-9BDEE2C54DDD}"
EndProject
Project("{FAE04EC0-301F-11D3-BF4B-00C04F79EFBC}") = "Infrastructure", "src\Infrastructure\Infrastructure.csproj", "{8364D119-6747-403C-8DC1-3455EF7B4CB4}"
EndProject
Global
	GlobalSection(SolutionConfigurationPlatforms) = preSolution
		Debug|Any CPU = Debug|Any CPU
		Release|Any CPU = Release|Any CPU
	EndGlobalSection
	GlobalSection(SolutionProperties) = preSolution
		HideSolutionNode = FALSE
	EndGlobalSection
	GlobalSection(ProjectConfigurationPlatforms) = postSolution
		{0E846495-022E-402B-899D-2645BCF72A77}.Debug|Any CPU.ActiveCfg = Debug|Any CPU
		{0E846495-022E-402B-899D-2645BCF72A77}.Debug|Any CPU.Build.0 = Debug|Any CPU
		{0E846495-022E-402B-899D-2645BCF72A77}.Release|Any CPU.ActiveCfg = Release|Any CPU
		{0E846495-022E-402B-899D-2645BCF72A77}.Release|Any CPU.Build.0 = Release|Any CPU
		{30073EFF-1E6C-4213-8F83-A5AEEE0FFAD0}.Debug|Any CPU.ActiveCfg = Debug|Any CPU
		{30073EFF-1E6C-4213-8F83-A5AEEE0FFAD0}.Debug|Any CPU.Build.0 = Debug|Any CPU
		{30073EFF-1E6C-4213-8F83-A5AEEE0FFAD0}.Release|Any CPU.ActiveCfg = Release|Any CPU
		{30073EFF-1E6C-4213-8F83-A5AEEE0FFAD0}.Release|Any CPU.Build.0 = Release|Any CPU
		{DCB42603-F10E-4414-A112-9BDEE2C54DDD}.Debug|Any CPU.ActiveCfg = Debug|Any CPU
		{DCB42603-F10E-4414-A112-9BDEE2C54DDD}.Debug|Any CPU.Build.0 = Debug|Any CPU
		{DCB42603-F10E-4414-A112-9BDEE2C54DDD}.Release|Any CPU.ActiveCfg = Release|Any CPU
		{DCB42603-F10E-4414-A112-9BDEE2C54DDD}.Release|Any CPU.Build.0 = Release|Any CPU
		{8364D119-6747-403C-8DC1-3455EF7B4CB4}.Debug|Any CPU.ActiveCfg = Debug|Any CPU
		{8364D119-6747-403C-8DC1-3455EF7B4CB4}.Debug|Any CPU.Build.0 = Debug|Any CPU
		{8364D119-6747-403C-8DC1-3455EF7B4CB4}.Release|Any CPU.ActiveCfg = Release|Any CPU
		{8364D119-6747-403C-8DC1-3455EF7B4CB4}.Release|Any CPU.Build.0 = Release|Any CPU
	EndGlobalSection
	GlobalSection(NestedProjects) = preSolution
		{25F2FC83-3447-4C3D-B993-E7EC356D30AA} = {6401D516-CCC9-453C-A964-A538942D00BC}
		{0E846495-022E-402B-899D-2645BCF72A77} = {25F2FC83-3447-4C3D-B993-E7EC356D30AA}
		{49196423-6FC6-47CE-B9C7-64819534F60E} = {6401D516-CCC9-453C-A964-A538942D00BC}
		{30073EFF-1E6C-4213-8F83-A5AEEE0FFAD0} = {49196423-6FC6-47CE-B9C7-64819534F60E}
		{DCB42603-F10E-4414-A112-9BDEE2C54DDD} = {49196423-6FC6-47CE-B9C7-64819534F60E}
		{8364D119-6747-403C-8DC1-3455EF7B4CB4} = {6401D516-CCC9-453C-A964-A538942D00BC}
	EndGlobalSection
EndGlobal
